
Microsoft Visual Studio Solution File, Format Version 12.00
# Visual Studio Version 17
VisualStudioVersion = 17.13.35931.197
MinimumVisualStudioVersion = 10.0.40219.1
Project("{FAE04EC0-301F-11D3-BF4B-00C04F79EFBC}") = "habittracker.AppHost", "habittracker.AppHost\habittracker.AppHost.csproj", "{64502B2D-3010-4FBF-8CCF-06B31F578E48}"
EndProject
Project("{FAE04EC0-301F-11D3-BF4B-00C04F79EFBC}") = "habittracker.ServiceDefaults", "habittracker.ServiceDefaults\habittracker.ServiceDefaults.csproj", "{EE890E63-F76C-AD4F-98BE-A7B80B5C0177}"
EndProject
Project("{2150E333-8FDC-42A3-9474-1A3956D46DE8}") = "Çözüm Öğeleri", "Çözüm Öğeleri", "{AC80F682-3D55-C8F8-4895-A4A9EDD49434}"
	ProjectSection(SolutionItems) = preProject
		index.html = index.html
		README.md = README.md
		script.js = script.js
		Style.css = Style.css
	EndProjectSection
EndProject
Global
	GlobalSection(SolutionConfigurationPlatforms) = preSolution
		Debug|Any CPU = Debug|Any CPU
		Release|Any CPU = Release|Any CPU
	EndGlobalSection
	GlobalSection(ProjectConfigurationPlatforms) = postSolution
		{64502B2D-3010-4FBF-8CCF-06B31F578E48}.Debug|Any CPU.ActiveCfg = Debug|Any CPU
		{64502B2D-3010-4FBF-8CCF-06B31F578E48}.Debug|Any CPU.Build.0 = Debug|Any CPU
		{64502B2D-3010-4FBF-8CCF-06B31F578E48}.Release|Any CPU.ActiveCfg = Release|Any CPU
		{64502B2D-3010-4FBF-8CCF-06B31F578E48}.Release|Any CPU.Build.0 = Release|Any CPU
		{EE890E63-F76C-AD4F-98BE-A7B80B5C0177}.Debug|Any CPU.ActiveCfg = Debug|Any CPU
		{EE890E63-F76C-AD4F-98BE-A7B80B5C0177}.Debug|Any CPU.Build.0 = Debug|Any CPU
		{EE890E63-F76C-AD4F-98BE-A7B80B5C0177}.Release|Any CPU.ActiveCfg = Release|Any CPU
		{EE890E63-F76C-AD4F-98BE-A7B80B5C0177}.Release|Any CPU.Build.0 = Release|Any CPU
	EndGlobalSection
	GlobalSection(SolutionProperties) = preSolution
		HideSolutionNode = FALSE
	EndGlobalSection
	GlobalSection(ExtensibilityGlobals) = postSolution
		SolutionGuid = {E41678CB-F70F-4B89-993A-5E00609BB45F}
	EndGlobalSection
EndGlobal
